
Microsoft Visual Studio Solution File, Format Version 10.00
# Visual Studio 2008
Project("{E24C65DC-7377-472B-9ABA-BC803B73C61A}") = "net 3", "net 3", "{5C26D364-CE1B-4D63-B501-6CA74F5C6C54}"
	ProjectSection(WebsiteProperties) = preProject
		TargetFramework = "3.5"
		Debug.AspNetCompiler.VirtualPath = "/net 3"
		Debug.AspNetCompiler.PhysicalPath = "C:\rss\csharp\net 3\"
		Debug.AspNetCompiler.TargetPath = "PrecompiledWeb\net 3\"
		Debug.AspNetCompiler.Updateable = "true"
		Debug.AspNetCompiler.ForceOverwrite = "true"
		Debug.AspNetCompiler.FixedNames = "false"
		Debug.AspNetCompiler.Debug = "True"
		Release.AspNetCompiler.VirtualPath = "/net 3"
		Release.AspNetCompiler.PhysicalPath = "C:\rss\csharp\net 3\"
		Release.AspNetCompiler.TargetPath = "PrecompiledWeb\net 3\"
		Release.AspNetCompiler.Updateable = "true"
		Release.AspNetCompiler.ForceOverwrite = "true"
		Release.AspNetCompiler.FixedNames = "false"
		Release.AspNetCompiler.Debug = "False"
		VWDPort = "3825"
	EndProjectSection
EndProject
Global
	GlobalSection(SolutionConfigurationPlatforms) = preSolution
		Debug|.NET = Debug|.NET
	EndGlobalSection
	GlobalSection(ProjectConfigurationPlatforms) = postSolution
		{5C26D364-CE1B-4D63-B501-6CA74F5C6C54}.Debug|.NET.ActiveCfg = Debug|.NET
		{5C26D364-CE1B-4D63-B501-6CA74F5C6C54}.Debug|.NET.Build.0 = Debug|.NET
	EndGlobalSection
	GlobalSection(SolutionProperties) = preSolution
		HideSolutionNode = FALSE
	EndGlobalSection
EndGlobal
