
Microsoft Visual Studio Solution File, Format Version 9.00
# Visual Studio 2005
Project("{E24C65DC-7377-472B-9ABA-BC803B73C61A}") = "C:\...\net 2\", "C:\rss\VB.net\net 2", "{63938581-F749-406C-A804-39CDA074CFB2}"
	ProjectSection(WebsiteProperties) = preProject
		Debug.AspNetCompiler.VirtualPath = "/net 2"
		Debug.AspNetCompiler.PhysicalPath = "C:\rss\VB.net\net 2\"
		Debug.AspNetCompiler.TargetPath = "PrecompiledWeb\net 2\"
		Debug.AspNetCompiler.Updateable = "true"
		Debug.AspNetCompiler.ForceOverwrite = "true"
		Debug.AspNetCompiler.FixedNames = "false"
		Debug.AspNetCompiler.Debug = "True"
		Release.AspNetCompiler.VirtualPath = "/net 2"
		Release.AspNetCompiler.PhysicalPath = "C:\rss\VB.net\net 2\"
		Release.AspNetCompiler.TargetPath = "PrecompiledWeb\net 2\"
		Release.AspNetCompiler.Updateable = "true"
		Release.AspNetCompiler.ForceOverwrite = "true"
		Release.AspNetCompiler.FixedNames = "false"
		Release.AspNetCompiler.Debug = "False"
		VWDPort = "3312"
	EndProjectSection
EndProject
Global
	GlobalSection(SolutionConfigurationPlatforms) = preSolution
		Debug|.NET = Debug|.NET
	EndGlobalSection
	GlobalSection(ProjectConfigurationPlatforms) = postSolution
		{63938581-F749-406C-A804-39CDA074CFB2}.Debug|.NET.ActiveCfg = Debug|.NET
		{63938581-F749-406C-A804-39CDA074CFB2}.Debug|.NET.Build.0 = Debug|.NET
	EndGlobalSection
	GlobalSection(SolutionProperties) = preSolution
		HideSolutionNode = FALSE
	EndGlobalSection
EndGlobal
